
Microsoft Visual Studio Solution File, Format Version 12.00
# Visual Studio 15
VisualStudioVersion = 15.0.27428.2037
MinimumVisualStudioVersion = 10.0.40219.1
Project("{FAE04EC0-301F-11D3-BF4B-00C04F79EFBC}") = "TEST3", "TEST3\TEST3.csproj", "{A320BD28-2E64-4AA5-A9F0-EEB10805840A}"
EndProject
Global
	GlobalSection(SolutionConfigurationPlatforms) = preSolution
		Debug|Any CPU = Debug|Any CPU
		Release|Any CPU = Release|Any CPU
	EndGlobalSection
	GlobalSection(ProjectConfigurationPlatforms) = postSolution
		{A320BD28-2E64-4AA5-A9F0-EEB10805840A}.Debug|Any CPU.ActiveCfg = Debug|Any CPU
		{A320BD28-2E64-4AA5-A9F0-EEB10805840A}.Debug|Any CPU.Build.0 = Debug|Any CPU
		{A320BD28-2E64-4AA5-A9F0-EEB10805840A}.Release|Any CPU.ActiveCfg = Release|Any CPU
		{A320BD28-2E64-4AA5-A9F0-EEB10805840A}.Release|Any CPU.Build.0 = Release|Any CPU
	EndGlobalSection
	GlobalSection(SolutionProperties) = preSolution
		HideSolutionNode = FALSE
	EndGlobalSection
	GlobalSection(ExtensibilityGlobals) = postSolution
		SolutionGuid = {B0881D1D-E559-4204-948B-9740159567E6}
	EndGlobalSection
EndGlobal
